{
  "pins" : [
    {
      "identity" : "swift-arg-parser",
      "kind" : "remoteSourceControl",
      "location" : "https://github.com/Wabi-Studios/swift-arg-parser.git",
      "state" : {
        "revision" : "b3fd0205d8a11f3bd97c3162864b737257509cd5",
        "version" : "1.2.4"
      }
    },
    {
      "identity" : "swxmlhash",
      "kind" : "remoteSourceControl",
      "location" : "https://github.com/drmohundro/SWXMLHash.git",
      "state" : {
        "revision" : "a853604c9e9a83ad9954c7e3d2a565273982471f",
        "version" : "7.0.2"
      }
    },
    {
      "identity" : "yams",
      "kind" : "remoteSourceControl",
      "location" : "https://github.com/Wabi-Studios/Yams.git",
      "state" : {
        "revision" : "4c3056849bb80672bec5b02da9d50ca2bd7ba723",
        "version" : "5.0.7"
      }
    }
  ],
  "version" : 2
}
